
Microsoft Visual Studio Solution File, Format Version 12.00
# Visual Studio Version 16
VisualStudioVersion = 16.0.34931.43
MinimumVisualStudioVersion = 10.0.40219.1
Project("{FAE04EC0-301F-11D3-BF4B-00C04F79EFBC}") = "NmhLesson11", "NmhLesson11\NmhLesson11.csproj", "{9AC34FDD-84E3-44AE-9C68-D5FECA002A32}"
EndProject
Global
	GlobalSection(SolutionConfigurationPlatforms) = preSolution
		Debug|Any CPU = Debug|Any CPU
		Release|Any CPU = Release|Any CPU
	EndGlobalSection
	GlobalSection(ProjectConfigurationPlatforms) = postSolution
		{9AC34FDD-84E3-44AE-9C68-D5FECA002A32}.Debug|Any CPU.ActiveCfg = Debug|Any CPU
		{9AC34FDD-84E3-44AE-9C68-D5FECA002A32}.Debug|Any CPU.Build.0 = Debug|Any CPU
		{9AC34FDD-84E3-44AE-9C68-D5FECA002A32}.Release|Any CPU.ActiveCfg = Release|Any CPU
		{9AC34FDD-84E3-44AE-9C68-D5FECA002A32}.Release|Any CPU.Build.0 = Release|Any CPU
	EndGlobalSection
	GlobalSection(SolutionProperties) = preSolution
		HideSolutionNode = FALSE
	EndGlobalSection
	GlobalSection(ExtensibilityGlobals) = postSolution
		SolutionGuid = {30FFE6EB-35A3-4A15-ABD7-2FCEBA6EE48F}
	EndGlobalSection
EndGlobal
